
Microsoft Visual Studio Solution File, Format Version 12.00
# Visual Studio Version 17
VisualStudioVersion = 17.5.33414.496
MinimumVisualStudioVersion = 10.0.40219.1
Project("{FAE04EC0-301F-11D3-BF4B-00C04F79EFBC}") = "Helper", "Helper\Helper.csproj", "{563A5A5B-3EA6-4960-A1B5-066F1973BF10}"
EndProject
Project("{FAE04EC0-301F-11D3-BF4B-00C04F79EFBC}") = "UI", "UI\UI.csproj", "{58A2BBE1-3CA0-4B1D-AA4C-6B8EEC525579}"
EndProject
Project("{FAE04EC0-301F-11D3-BF4B-00C04F79EFBC}") = "UI.Component", "UI.Component\UI.Component.csproj", "{4812DF02-3EB0-4BF4-A9D4-5C4EAACDB1B1}"
EndProject
Global
	GlobalSection(SolutionConfigurationPlatforms) = preSolution
		Debug|Any CPU = Debug|Any CPU
		Release|Any CPU = Release|Any CPU
	EndGlobalSection
	GlobalSection(ProjectConfigurationPlatforms) = postSolution
		{563A5A5B-3EA6-4960-A1B5-066F1973BF10}.Debug|Any CPU.ActiveCfg = Debug|Any CPU
		{563A5A5B-3EA6-4960-A1B5-066F1973BF10}.Debug|Any CPU.Build.0 = Debug|Any CPU
		{563A5A5B-3EA6-4960-A1B5-066F1973BF10}.Release|Any CPU.ActiveCfg = Release|Any CPU
		{563A5A5B-3EA6-4960-A1B5-066F1973BF10}.Release|Any CPU.Build.0 = Release|Any CPU
		{58A2BBE1-3CA0-4B1D-AA4C-6B8EEC525579}.Debug|Any CPU.ActiveCfg = Debug|Any CPU
		{58A2BBE1-3CA0-4B1D-AA4C-6B8EEC525579}.Debug|Any CPU.Build.0 = Debug|Any CPU
		{58A2BBE1-3CA0-4B1D-AA4C-6B8EEC525579}.Release|Any CPU.ActiveCfg = Release|Any CPU
		{58A2BBE1-3CA0-4B1D-AA4C-6B8EEC525579}.Release|Any CPU.Build.0 = Release|Any CPU
		{4812DF02-3EB0-4BF4-A9D4-5C4EAACDB1B1}.Debug|Any CPU.ActiveCfg = Debug|Any CPU
		{4812DF02-3EB0-4BF4-A9D4-5C4EAACDB1B1}.Debug|Any CPU.Build.0 = Debug|Any CPU
		{4812DF02-3EB0-4BF4-A9D4-5C4EAACDB1B1}.Release|Any CPU.ActiveCfg = Release|Any CPU
		{4812DF02-3EB0-4BF4-A9D4-5C4EAACDB1B1}.Release|Any CPU.Build.0 = Release|Any CPU
	EndGlobalSection
	GlobalSection(SolutionProperties) = preSolution
		HideSolutionNode = FALSE
	EndGlobalSection
	GlobalSection(ExtensibilityGlobals) = postSolution
		SolutionGuid = {11C30E93-A14E-4578-8123-AC6A0EFE8BDB}
	EndGlobalSection
EndGlobal
